Microsoft Visual Studio Solution File, Format Version 12.00
# Visual Studio Version 17
VisualStudioVersion = 17.0.31903.59
MinimumVisualStudioVersion = 10.0.40219.1
Project("{FAE04EC0-301F-11D3-BF4B-00C04F79EFBC}") = "Exscribo.Api", "src\Exscribo.Api\Exscribo.Api.csproj", "{E8A1B8B8-5E8F-4B8F-8E8F-8E8F8E8F8E8F}"
EndProject
Project("{FAE04EC0-301F-11D3-BF4B-00C04F79EFBC}") = "Exscribo.Core", "src\Exscribo.Core\Exscribo.Core.csproj", "{F9B2C9B9-6F9F-5C9F-9F9F-9F9F9F9F9F9F}"
EndProject
Project("{FAE04EC0-301F-11D3-BF4B-00C04F79EFBC}") = "Exscribo.Data", "src\Exscribo.Data\Exscribo.Data.csproj", "{A7C3D7D7-7D7D-6D7D-7D7D-7D7D7D7D7D7D}"
EndProject
Project("{FAE04EC0-301F-11D3-BF4B-00C04F79EFBC}") = "Exscribo.Services", "src\Exscribo.Services\Exscribo.Services.csproj", "{B6D4E6E6-6E6E-5E6E-6E6E-6E6E6E6E6E6E}"
EndProject
Project("{FAE04EC0-301F-11D3-BF4B-00C04F79EFBC}") = "Exscribo.Infrastructure", "src\Exscribo.Infrastructure\Exscribo.Infrastructure.csproj", "{C5E5F5F5-5F5F-4F5F-5F5F-5F5F5F5F5F5F}"
EndProject
Project("{FAE04EC0-301F-11D3-BF4B-00C04F79EFBC}") = "Exscribo.Tests", "tests\Exscribo.Tests\Exscribo.Tests.csproj", "{D4F4G4G4-4G4G-3G4G-4G4G-4G4G4G4G4G4G}"
EndProject
Global
	GlobalSection(SolutionConfigurationPlatforms) = preSolution
		Debug|Any CPU = Debug|Any CPU
		Release|Any CPU = Release|Any CPU
	EndGlobalSection
	GlobalSection(ProjectConfigurationPlatforms) = postSolution
		{E8A1B8B8-5E8F-4B8F-8E8F-8E8F8E8F8E8F}.Debug|Any CPU.ActiveCfg = Debug|Any CPU
		{E8A1B8B8-5E8F-4B8F-8E8F-8E8F8E8F8E8F}.Debug|Any CPU.Build.0 = Debug|Any CPU
		{E8A1B8B8-5E8F-4B8F-8E8F-8E8F8E8F8E8F}.Release|Any CPU.ActiveCfg = Release|Any CPU
		{E8A1B8B8-5E8F-4B8F-8E8F-8E8F8E8F8E8F}.Release|Any CPU.Build.0 = Release|Any CPU
		{F9B2C9B9-6F9F-5C9F-9F9F-9F9F9F9F9F9F}.Debug|Any CPU.ActiveCfg = Debug|Any CPU
		{F9B2C9B9-6F9F-5C9F-9F9F-9F9F9F9F9F9F}.Debug|Any CPU.Build.0 = Debug|Any CPU
		{F9B2C9B9-6F9F-5C9F-9F9F-9F9F9F9F9F9F}.Release|Any CPU.ActiveCfg = Release|Any CPU
		{F9B2C9B9-6F9F-5C9F-9F9F-9F9F9F9F9F9F}.Release|Any CPU.Build.0 = Release|Any CPU
		{A7C3D7D7-7D7D-6D7D-7D7D-7D7D7D7D7D7D}.Debug|Any CPU.ActiveCfg = Debug|Any CPU
		{A7C3D7D7-7D7D-6D7D-7D7D-7D7D7D7D7D7D}.Debug|Any CPU.Build.0 = Debug|Any CPU
		{A7C3D7D7-7D7D-6D7D-7D7D-7D7D7D7D7D7D}.Release|Any CPU.ActiveCfg = Release|Any CPU
		{A7C3D7D7-7D7D-6D7D-7D7D-7D7D7D7D7D7D}.Release|Any CPU.Build.0 = Release|Any CPU
		{B6D4E6E6-6E6E-5E6E-6E6E-6E6E6E6E6E6E}.Debug|Any CPU.ActiveCfg = Debug|Any CPU
		{B6D4E6E6-6E6E-5E6E-6E6E-6E6E6E6E6E6E}.Debug|Any CPU.Build.0 = Debug|Any CPU
		{B6D4E6E6-6E6E-5E6E-6E6E-6E6E6E6E6E6E}.Release|Any CPU.ActiveCfg = Release|Any CPU
		{B6D4E6E6-6E6E-5E6E-6E6E-6E6E6E6E6E6E}.Release|Any CPU.Build.0 = Release|Any CPU
		{C5E5F5F5-5F5F-4F5F-5F5F-5F5F5F5F5F5F}.Debug|Any CPU.ActiveCfg = Debug|Any CPU
		{C5E5F5F5-5F5F-4F5F-5F5F-5F5F5F5F5F5F}.Debug|Any CPU.Build.0 = Debug|Any CPU
		{C5E5F5F5-5F5F-4F5F-5F5F-5F5F5F5F5F5F}.Release|Any CPU.ActiveCfg = Release|Any CPU
		{C5E5F5F5-5F5F-4F5F-5F5F-5F5F5F5F5F5F}.Release|Any CPU.Build.0 = Release|Any CPU
		{D4F4G4G4-4G4G-3G4G-4G4G-4G4G4G4G4G4G}.Debug|Any CPU.ActiveCfg = Debug|Any CPU
		{D4F4G4G4-4G4G-3G4G-4G4G-4G4G4G4G4G4G}.Debug|Any CPU.Build.0 = Debug|Any CPU
		{D4F4G4G4-4G4G-3G4G-4G4G-4G4G4G4G4G4G}.Release|Any CPU.ActiveCfg = Release|Any CPU
		{D4F4G4G4-4G4G-3G4G-4G4G-4G4G4G4G4G4G}.Release|Any CPU.Build.0 = Release|Any CPU
	EndGlobalSection
EndGlobal